
Microsoft Visual Studio Solution File, Format Version 12.00
# Visual Studio Version 17
VisualStudioVersion = 17.8.34330.188
MinimumVisualStudioVersion = 10.0.40219.1
Project("{FAE04EC0-301F-11D3-BF4B-00C04F79EFBC}") = "detyre", "detyre\detyre.csproj", "{70180F06-3791-4C8D-A6CB-BE6FE1B46CF0}"
EndProject
Global
	GlobalSection(SolutionConfigurationPlatforms) = preSolution
		Debug|Any CPU = Debug|Any CPU
		Release|Any CPU = Release|Any CPU
	EndGlobalSection
	GlobalSection(ProjectConfigurationPlatforms) = postSolution
		{70180F06-3791-4C8D-A6CB-BE6FE1B46CF0}.Debug|Any CPU.ActiveCfg = Debug|Any CPU
		{70180F06-3791-4C8D-A6CB-BE6FE1B46CF0}.Debug|Any CPU.Build.0 = Debug|Any CPU
		{70180F06-3791-4C8D-A6CB-BE6FE1B46CF0}.Release|Any CPU.ActiveCfg = Release|Any CPU
		{70180F06-3791-4C8D-A6CB-BE6FE1B46CF0}.Release|Any CPU.Build.0 = Release|Any CPU
	EndGlobalSection
	GlobalSection(SolutionProperties) = preSolution
		HideSolutionNode = FALSE
	EndGlobalSection
	GlobalSection(ExtensibilityGlobals) = postSolution
		SolutionGuid = {6A395C77-E2C5-4930-8554-376670C42C17}
	EndGlobalSection
EndGlobal
